# This file is automatically @generated by Poetry 1.8.3 and should not be changed by hand.

[[package]]
name = "click"
version = "7.1.2"
description = "Composable command line interface toolkit"
optional = false
python-versions = ">=2.7, !=3.0.*, !=3.1.*, !=3.2.*, !=3.3.*, !=3.4.*"
files = [
    {file = "click-7.1.2-py2.py3-none-any.whl", hash = "sha256:dacca89f4bfadd5de3d7489b7c8a566eee0d3676333fbb50030263894c38c0dc"},
    {file = "click-7.1.2.tar.gz", hash = "sha256:d2b5255c7c6349bc1bd1e59e08cd12acbbd63ce649f2588755783aa94dfb6b1a"},
]

[[package]]
name = "cloudpickle"
version = "3.0.0"
description = "Pickler class to extend the standard pickle.Pickler functionality"
optional = false
python-versions = ">=3.8"
files = [
    {file = "cloudpickle-3.0.0-py3-none-any.whl", hash = "sha256:246ee7d0c295602a036e86369c77fecda4ab17b506496730f2f576d9016fd9c7"},
    {file = "cloudpickle-3.0.0.tar.gz", hash = "sha256:996d9a482c6fb4f33c1a35335cf8afd065d2a56e973270364840712d9131a882"},
]

[[package]]
name = "doit"
version = "0.31.1"
description = "doit - Automation Tool"
optional = false
python-versions = ">=3.4"
files = [
    {file = "doit-0.31.1-py3-none-any.whl", hash = "sha256:52b7ad1c0095425bd719c2fc9fb27af94fb0ee478762c50abf385faaf786d010"},
    {file = "doit-0.31.1.tar.gz", hash = "sha256:bad01949effd537cade3aea286cc2cde074bdb7a4f442015557b1228dd46f5ea"},
]

[package.dependencies]
cloudpickle = "*"
macfsevents = {version = "*", markers = "sys_platform == \"darwin\""}
pyinotify = {version = "*", markers = "sys_platform == \"linux\""}

[[package]]
name = "graphviz"
version = "0.10.1"
description = "Simple Python interface for Graphviz"
optional = false
python-versions = ">=2.7,!=3.0.*,!=3.1.*,!=3.2.*,!=3.3.*"
files = [
    {file = "graphviz-0.10.1-py2.py3-none-any.whl", hash = "sha256:0e1744a45b0d707bc44f99c7b8e5f25dc22cf96b6aaf2432ac308ed9822a9cb6"},
    {file = "graphviz-0.10.1.zip", hash = "sha256:d311be4fddfe832a56986ac5e1d6e8715d7fcb0208560da79d1bb0f72abef41f"},
]

[package.extras]
dev = ["flake8", "pep8-naming", "tox (>=3.0)", "twine", "wheel"]
docs = ["sphinx (>=1.7)", "sphinx-rtd-theme"]
test = ["mock (>=2)", "pytest (>=3.4)", "pytest-cov", "pytest-mock (>=1.8)"]

[[package]]
name = "macfsevents"
version = "0.8.4"
description = "Thread-based interface to file system observation primitives."
optional = false
python-versions = "*"
files = [
    {file = "MacFSEvents-0.8.4.tar.gz", hash = "sha256:bf7283f1d517764ccdc8195b21631dbbac1c506b920bf9a8ea2956b3127651cb"},
]

[[package]]
name = "networkx"
version = "2.8.8"
description = "Python package for creating and manipulating graphs and networks"
optional = false
python-versions = ">=3.8"
files = [
    {file = "networkx-2.8.8-py3-none-any.whl", hash = "sha256:e435dfa75b1d7195c7b8378c3859f0445cd88c6b0375c181ed66823a9ceb7524"},
    {file = "networkx-2.8.8.tar.gz", hash = "sha256:230d388117af870fce5647a3c52401fcf753e94720e6ea6b4197a5355648885e"},
]

[package.extras]
default = ["matplotlib (>=3.4)", "numpy (>=1.19)", "pandas (>=1.3)", "scipy (>=1.8)"]
developer = ["mypy (>=0.982)", "pre-commit (>=2.20)"]
doc = ["nb2plots (>=0.6)", "numpydoc (>=1.5)", "pillow (>=9.2)", "pydata-sphinx-theme (>=0.11)", "sphinx (>=5.2)", "sphinx-gallery (>=0.11)", "texext (>=0.6.6)"]
extra = ["lxml (>=4.6)", "pydot (>=1.4.2)", "pygraphviz (>=1.9)", "sympy (>=1.10)"]
test = ["codecov (>=2.1)", "pytest (>=7.2)", "pytest-cov (>=4.0)"]

[[package]]
name = "prompt-toolkit"
version = "3.0.47"
description = "Library for building powerful interactive command lines in Python"
optional = false
python-versions = ">=3.7.0"
files = [
    {file = "prompt_toolkit-3.0.47-py3-none-any.whl", hash = "sha256:0d7bfa67001d5e39d02c224b663abc33687405033a8c422d0d675a5a13361d10"},
    {file = "prompt_toolkit-3.0.47.tar.gz", hash = "sha256:1e1b29cb58080b1e69f207c893a1a7bf16d127a5c30c9d17a25a5d77792e5360"},
]

[package.dependencies]
wcwidth = "*"

[[package]]
name = "pydot"
version = "1.4.2"
description = "Python interface to Graphviz's Dot"
optional = false
python-versions = ">=2.7, !=3.0.*, !=3.1.*, !=3.2.*, !=3.3.*"
files = [
    {file = "pydot-1.4.2-py2.py3-none-any.whl", hash = "sha256:66c98190c65b8d2e2382a441b4c0edfdb4f4c025ef9cb9874de478fb0793a451"},
    {file = "pydot-1.4.2.tar.gz", hash = "sha256:248081a39bcb56784deb018977e428605c1c758f10897a339fce1dd728ff007d"},
]

[package.dependencies]
pyparsing = ">=2.1.4"

[[package]]
name = "pyinotify"
version = "0.9.6"
description = "Linux filesystem events monitoring"
optional = false
python-versions = "*"
files = [
    {file = "pyinotify-0.9.6.tar.gz", hash = "sha256:9c998a5d7606ca835065cdabc013ae6c66eb9ea76a00a1e3bc6e0cfe2b4f71f4"},
]

[[package]]
name = "pyparsing"
version = "3.1.2"
description = "pyparsing module - Classes and methods to define and execute parsing grammars"
optional = false
python-versions = ">=3.6.8"
files = [
    {file = "pyparsing-3.1.2-py3-none-any.whl", hash = "sha256:f9db75911801ed778fe61bb643079ff86601aca99fcae6345aa67292038fb742"},
    {file = "pyparsing-3.1.2.tar.gz", hash = "sha256:a1bac0ce561155ecc3ed78ca94d3c9378656ad4c94c1270de543f621420f94ad"},
]

[package.extras]
diagrams = ["jinja2", "railroad-diagrams"]

[[package]]
name = "pyyaml"
version = "5.3.1"
description = "YAML parser and emitter for Python"
optional = false
python-versions = "*"
files = [
    {file = "PyYAML-5.3.1-cp27-cp27m-win32.whl", hash = "sha256:74809a57b329d6cc0fdccee6318f44b9b8649961fa73144a98735b0aaf029f1f"},
    {file = "PyYAML-5.3.1-cp27-cp27m-win_amd64.whl", hash = "sha256:240097ff019d7c70a4922b6869d8a86407758333f02203e0fc6ff79c5dcede76"},
    {file = "PyYAML-5.3.1-cp35-cp35m-win32.whl", hash = "sha256:4f4b913ca1a7319b33cfb1369e91e50354d6f07a135f3b901aca02aa95940bd2"},
    {file = "PyYAML-5.3.1-cp35-cp35m-win_amd64.whl", hash = "sha256:cc8955cfbfc7a115fa81d85284ee61147059a753344bc51098f3ccd69b0d7e0c"},
    {file = "PyYAML-5.3.1-cp36-cp36m-win32.whl", hash = "sha256:7739fc0fa8205b3ee8808aea45e968bc90082c10aef6ea95e855e10abf4a37b2"},
    {file = "PyYAML-5.3.1-cp36-cp36m-win_amd64.whl", hash = "sha256:69f00dca373f240f842b2931fb2c7e14ddbacd1397d57157a9b005a6a9942648"},
    {file = "PyYAML-5.3.1-cp37-cp37m-win32.whl", hash = "sha256:d13155f591e6fcc1ec3b30685d50bf0711574e2c0dfffd7644babf8b5102ca1a"},
    {file = "PyYAML-5.3.1-cp37-cp37m-win_amd64.whl", hash = "sha256:73f099454b799e05e5ab51423c7bcf361c58d3206fa7b0d555426b1f4d9a3eaf"},
    {file = "PyYAML-5.3.1-cp38-cp38-win32.whl", hash = "sha256:06a0d7ba600ce0b2d2fe2e78453a470b5a6e000a985dd4a4e54e436cc36b0e97"},
    {file = "PyYAML-5.3.1-cp38-cp38-win_amd64.whl", hash = "sha256:95f71d2af0ff4227885f7a6605c37fd53d3a106fcab511b8860ecca9fcf400ee"},
    {file = "PyYAML-5.3.1-cp39-cp39-win32.whl", hash = "sha256:ad9c67312c84def58f3c04504727ca879cb0013b2517c85a9a253f0cb6380c0a"},
    {file = "PyYAML-5.3.1-cp39-cp39-win_amd64.whl", hash = "sha256:6034f55dab5fea9e53f436aa68fa3ace2634918e8b5994d82f3621c04ff5ed2e"},
    {file = "PyYAML-5.3.1.tar.gz", hash = "sha256:b8eac752c5e14d3eca0e6dd9199cd627518cb5ec06add0de9d32baeee6fe645d"},
]

[[package]]
name = "questionary"
version = "1.10.0"
description = "Python library to build pretty command line user prompts ⭐️"
optional = false
python-versions = ">=3.6,<4.0"
files = [
    {file = "questionary-1.10.0-py3-none-any.whl", hash = "sha256:fecfcc8cca110fda9d561cb83f1e97ecbb93c613ff857f655818839dac74ce90"},
    {file = "questionary-1.10.0.tar.gz", hash = "sha256:600d3aefecce26d48d97eee936fdb66e4bc27f934c3ab6dd1e292c4f43946d90"},
]

[package.dependencies]
prompt_toolkit = ">=2.0,<4.0"

[package.extras]
docs = ["Sphinx (>=3.3,<4.0)", "sphinx-autobuild (>=2020.9.1,<2021.0.0)", "sphinx-autodoc-typehints (>=1.11.1,<2.0.0)", "sphinx-copybutton (>=0.3.1,<0.4.0)", "sphinx-rtd-theme (>=0.5.0,<0.6.0)"]

[[package]]
name = "wcwidth"
version = "0.2.13"
description = "Measures the displayed width of unicode strings in a terminal"
optional = false
python-versions = "*"
files = [
    {file = "wcwidth-0.2.13-py2.py3-none-any.whl", hash = "sha256:3da69048e4540d84af32131829ff948f1e022c1c6bdb8d6102117aac784f6859"},
    {file = "wcwidth-0.2.13.tar.gz", hash = "sha256:72ea0c06399eb286d978fdedb6923a9eb47e1c486ce63e9b4e64fc18303972b5"},
]

[metadata]
lock-version = "2.0"
python-versions = "^3.8"
content-hash = "ab4069db085fe3a57be048952ffd3782a47970d2548c7ba0635e8bbc6ff0cc80"
